
Microsoft Visual Studio Solution File, Format Version 12.00
# Visual Studio Version 16
VisualStudioVersion = 16.0.30804.86
MinimumVisualStudioVersion = 10.0.40219.1
Project("{FAE04EC0-301F-11D3-BF4B-00C04F79EFBC}") = "TSDelivery.Deliverymans.SiloHost", "TSDelivery.Deliverymans.SiloHost\TSDelivery.Deliverymans.SiloHost.csproj", "{75E0AC3C-7C46-4383-BE81-D43D0C2286BE}"
EndProject
Global
	GlobalSection(SolutionConfigurationPlatforms) = preSolution
		Debug|Any CPU = Debug|Any CPU
		Release|Any CPU = Release|Any CPU
	EndGlobalSection
	GlobalSection(ProjectConfigurationPlatforms) = postSolution
		{75E0AC3C-7C46-4383-BE81-D43D0C2286BE}.Debug|Any CPU.ActiveCfg = Debug|Any CPU
		{75E0AC3C-7C46-4383-BE81-D43D0C2286BE}.Debug|Any CPU.Build.0 = Debug|Any CPU
		{75E0AC3C-7C46-4383-BE81-D43D0C2286BE}.Release|Any CPU.ActiveCfg = Release|Any CPU
		{75E0AC3C-7C46-4383-BE81-D43D0C2286BE}.Release|Any CPU.Build.0 = Release|Any CPU
	EndGlobalSection
	GlobalSection(SolutionProperties) = preSolution
		HideSolutionNode = FALSE
	EndGlobalSection
	GlobalSection(ExtensibilityGlobals) = postSolution
		SolutionGuid = {B0E924A3-B6C5-4361-9C28-89CE24EF9B59}
	EndGlobalSection
EndGlobal
